
Microsoft Visual Studio Solution File, Format Version 11.00
# Visual Studio 2010
Project("{FAE04EC0-301F-11D3-BF4B-00C04F79EFBC}") = "SharePointExt", "SharePointExt\SharePointExt.csproj", "{8FC23E48-1017-4DC0-8D9C-BDEACC296C4C}"
EndProject
Project("{FAE04EC0-301F-11D3-BF4B-00C04F79EFBC}") = "SharePointExt.FirstTest.WebPart", "SharePointExt.FirstTest.WebPart\SharePointExt.FirstTest.WebPart.csproj", "{96E5141C-FB56-4E19-8C85-E742F3AC13D4}"
EndProject
Project("{FAE04EC0-301F-11D3-BF4B-00C04F79EFBC}") = "SharePointExt.WebPartTest", "SharePointExt.WebPartTest\SharePointExt.WebPartTest.csproj", "{BCC98725-5DF4-4432-B3EA-D0ACF8CAC596}"
EndProject
Global
	GlobalSection(SolutionConfigurationPlatforms) = preSolution
		Debug|Any CPU = Debug|Any CPU
		Release|Any CPU = Release|Any CPU
	EndGlobalSection
	GlobalSection(ProjectConfigurationPlatforms) = postSolution
		{8FC23E48-1017-4DC0-8D9C-BDEACC296C4C}.Debug|Any CPU.ActiveCfg = Debug|Any CPU
		{8FC23E48-1017-4DC0-8D9C-BDEACC296C4C}.Debug|Any CPU.Build.0 = Debug|Any CPU
		{8FC23E48-1017-4DC0-8D9C-BDEACC296C4C}.Release|Any CPU.ActiveCfg = Release|Any CPU
		{8FC23E48-1017-4DC0-8D9C-BDEACC296C4C}.Release|Any CPU.Build.0 = Release|Any CPU
		{96E5141C-FB56-4E19-8C85-E742F3AC13D4}.Debug|Any CPU.ActiveCfg = Debug|Any CPU
		{96E5141C-FB56-4E19-8C85-E742F3AC13D4}.Debug|Any CPU.Build.0 = Debug|Any CPU
		{96E5141C-FB56-4E19-8C85-E742F3AC13D4}.Release|Any CPU.ActiveCfg = Release|Any CPU
		{96E5141C-FB56-4E19-8C85-E742F3AC13D4}.Release|Any CPU.Build.0 = Release|Any CPU
		{BCC98725-5DF4-4432-B3EA-D0ACF8CAC596}.Debug|Any CPU.ActiveCfg = Debug|Any CPU
		{BCC98725-5DF4-4432-B3EA-D0ACF8CAC596}.Debug|Any CPU.Build.0 = Debug|Any CPU
		{BCC98725-5DF4-4432-B3EA-D0ACF8CAC596}.Debug|Any CPU.Deploy.0 = Debug|Any CPU
		{BCC98725-5DF4-4432-B3EA-D0ACF8CAC596}.Release|Any CPU.ActiveCfg = Release|Any CPU
		{BCC98725-5DF4-4432-B3EA-D0ACF8CAC596}.Release|Any CPU.Build.0 = Release|Any CPU
		{BCC98725-5DF4-4432-B3EA-D0ACF8CAC596}.Release|Any CPU.Deploy.0 = Release|Any CPU
	EndGlobalSection
	GlobalSection(SolutionProperties) = preSolution
		HideSolutionNode = FALSE
	EndGlobalSection
EndGlobal
